
Microsoft Visual Studio Solution File, Format Version 12.00
# Visual Studio Version 17
VisualStudioVersion = 17.8.34330.188
MinimumVisualStudioVersion = 10.0.40219.1
Project("{FAE04EC0-301F-11D3-BF4B-00C04F79EFBC}") = "ExperimentWithControls", "ExperimentWithControls\ExperimentWithControls.csproj", "{1B41D835-8B8D-46E6-ABFA-9DF31E38BDEA}"
EndProject
Global
	GlobalSection(SolutionConfigurationPlatforms) = preSolution
		Debug|Any CPU = Debug|Any CPU
		Release|Any CPU = Release|Any CPU
	EndGlobalSection
	GlobalSection(ProjectConfigurationPlatforms) = postSolution
		{1B41D835-8B8D-46E6-ABFA-9DF31E38BDEA}.Debug|Any CPU.ActiveCfg = Debug|Any CPU
		{1B41D835-8B8D-46E6-ABFA-9DF31E38BDEA}.Debug|Any CPU.Build.0 = Debug|Any CPU
		{1B41D835-8B8D-46E6-ABFA-9DF31E38BDEA}.Release|Any CPU.ActiveCfg = Release|Any CPU
		{1B41D835-8B8D-46E6-ABFA-9DF31E38BDEA}.Release|Any CPU.Build.0 = Release|Any CPU
	EndGlobalSection
	GlobalSection(SolutionProperties) = preSolution
		HideSolutionNode = FALSE
	EndGlobalSection
	GlobalSection(ExtensibilityGlobals) = postSolution
		SolutionGuid = {EBDD140A-92B7-40F7-BFF9-310E99F4572B}
	EndGlobalSection
EndGlobal
